github.com/FortAwesome/Font-Awesome v0.0.0-20230327165841-0698449d50f2/go.mod h1:IUgezN/MFpCDIlFezw3L8j83oeiIuYoj28Miwr/KUYo=
github.com/FortAwesome/Font-Awesome v0.0.0-20240402185447-c0f460dca7f7 h1:2aWEKCRLqQ9nPyXaz4/IYtRrDr3PzEiX0DUSUr2/EDs=
github.com/FortAwesome/Font-Awesome v0.0.0-20240402185447-c0f460dca7f7/go.mod h1:IUgezN/MFpCDIlFezw3L8j83oeiIuYoj28Miwr/KUYo=
github.com/FortAwesome/Font-Awesome v0.0.0-20241216213156-af620534bfc3/go.mod h1:IUgezN/MFpCDIlFezw3L8j83oeiIuYoj28Miwr/KUYo=
github.com/FortAwesome/Font-Awesome v4.7.0+incompatible h1:3trjm7NtX5NXlju1AxSWSzedDMq2hsfH78Qtqrc8EgY=
github.com/FortAwesome/Font-Awesome v4.7.0+incompatible/go.mod h1:IUgezN/MFpCDIlFezw3L8j83oeiIuYoj28Miwr/KUYo=
github.com/acend/docsy-acend v1.0.0 h1:TwmHoH3z6lh5zcNj6zUpMP4lYOhQ+OOgcbBwr7AqVoo=
github.com/acend/docsy-acend v1.0.0/go.mod h1:h8XZkPe1VufdOQfFXcLVQ7FvOJyIMKr8rJcSvWStG2g=
github.com/acend/docsy-plus v1.2.0 h1:MJaMdkqXU6ws7A+6Lzhx4qGvncifund3NF44Tzs7iVM=
github.com/acend/docsy-plus v1.2.0/go.mod h1:LPbI0Ljrhzt0YHUg8qozWVUXjrMVI1cFVPn3TyQxbcY=
github.com/google/docsy v0.4.0 h1:Eyt2aiDC1fnw/Qq/9xnIqUU5n5Yyk4c8gX3nBDdTv/4=
github.com/google/docsy v0.4.0/go.mod h1:vJjGkHNaw9bO42gpFTWwAUzHZWZEVlK46Kx7ikY5c7Y=
github.com/google/docsy v0.9.1 h1:+jqges1YCd+yHeuZ1BUvD8V8mEGVtPxULg5j/vaJ984=
github.com/google/docsy v0.9.1/go.mod h1:saOqKEUOn07Bc0orM/JdIF3VkOanHta9LU5Y53bwN2U=
github.com/google/docsy v0.10.0 h1:6tMDacPwAyRWNCfvsn/9qGOZDQ8b0aRzjRZvnZPY5dg=
github.com/google/docsy v0.10.0/go.mod h1:c0nIAqmRTOuJ01F85U/wJPQtc3Zj9N58Kea9bOT2AJc=
github.com/google/docsy v0.13.0 h1:Y1oy5SmQ0ikJJsvkuefEVZMj0MTXLmVfpXbt7Ytc7rc=
github.com/google/docsy v0.13.0/go.mod h1:1Fj1W1O3esZh7IBQ8XAYtxtg10udBXuGI89+LUQc1AU=
github.com/google/docsy/dependencies v0.4.0 h1:FXwyjtuFfPIPBauU2t7uIAgS6VYfJf+OD5pzxGvkQsQ=
github.com/google/docsy/dependencies v0.4.0/go.mod h1:2zZxHF+2qvkyXhLZtsbnqMotxMukJXLaf8fAZER48oo=
github.com/google/docsy/dependencies v0.7.2 h1:+t5ufoADQAj4XneFphz4A+UU0ICAxmNaRHVWtMYXPSI=
github.com/google/docsy/dependencies v0.7.2/go.mod h1:gihhs5gmgeO+wuoay4FwOzob+jYJVyQbNaQOh788lD4=
github.com/puzzle/docsy-puzzle v0.0.0-20230123144731-757054047a02 h1:80gTlzoKpnRjr4F70KAXmNs6UsTAkPgYEyyVguDwheg=
github.com/puzzle/docsy-puzzle v0.0.0-20230123144731-757054047a02/go.mod h1:q4bPnnpLaz5IDdFmQFxCHr85uwAsK9ayut5NNmC4w3I=
github.com/puzzle/docsy-puzzle v0.0.0-20250822081608-44bcd465abfa h1:4amMzQUQSvdVACV2GbnD2TlYEgVwu6igAynW1KWwqZ8=
github.com/puzzle/docsy-puzzle v0.0.0-20250822081608-44bcd465abfa/go.mod h1:q4bPnnpLaz5IDdFmQFxCHr85uwAsK9ayut5NNmC4w3I=
github.com/twbs/bootstrap v5.2.3+incompatible/go.mod h1:fZTSrkpSf0/HkL0IIJzvVspTt1r9zuf7XlZau8kpcY0=
github.com/twbs/bootstrap v5.3.3+incompatible/go.mod h1:fZTSrkpSf0/HkL0IIJzvVspTt1r9zuf7XlZau8kpcY0=
github.com/twbs/bootstrap v5.3.8+incompatible h1:eK1fsXP7R/FWFt+sSNmmvUH9usPocf240nWVw7Dh02o=
github.com/twbs/bootstrap v5.3.8+incompatible/go.mod h1:fZTSrkpSf0/HkL0IIJzvVspTt1r9zuf7XlZau8kpcY0=
